
Microsoft Visual Studio Solution File, Format Version 12.00
# Visual Studio 15
VisualStudioVersion = 15.0.28307.271
MinimumVisualStudioVersion = 10.0.40219.1
Project("{8BC9CEB8-8B4A-11D0-8D11-00A0C91BC942}") = "TimedShutdown", "TimedShutdown\TimedShutdown.vcxproj", "{97185867-5997-40A1-A10B-D60229585A0F}"
EndProject
Global
	GlobalSection(SolutionConfigurationPlatforms) = preSolution
		Debug|x64 = Debug|x64
		Debug|x86 = Debug|x86
		Release|x64 = Release|x64
		Release|x86 = Release|x86
	EndGlobalSection
	GlobalSection(ProjectConfigurationPlatforms) = postSolution
		{97185867-5997-40A1-A10B-D60229585A0F}.Debug|x64.ActiveCfg = Debug|x64
		{97185867-5997-40A1-A10B-D60229585A0F}.Debug|x64.Build.0 = Debug|x64
		{97185867-5997-40A1-A10B-D60229585A0F}.Debug|x86.ActiveCfg = Debug|Win32
		{97185867-5997-40A1-A10B-D60229585A0F}.Debug|x86.Build.0 = Debug|Win32
		{97185867-5997-40A1-A10B-D60229585A0F}.Release|x64.ActiveCfg = Release|x64
		{97185867-5997-40A1-A10B-D60229585A0F}.Release|x64.Build.0 = Release|x64
		{97185867-5997-40A1-A10B-D60229585A0F}.Release|x86.ActiveCfg = Release|Win32
		{97185867-5997-40A1-A10B-D60229585A0F}.Release|x86.Build.0 = Release|Win32
	EndGlobalSection
	GlobalSection(SolutionProperties) = preSolution
		HideSolutionNode = FALSE
	EndGlobalSection
	GlobalSection(ExtensibilityGlobals) = postSolution
		SolutionGuid = {4D67DDB5-5B8C-40C7-BC62-EF847B2C7ABB}
	EndGlobalSection
EndGlobal
